
Microsoft Visual Studio Solution File, Format Version 12.00
# Visual Studio Version 17
VisualStudioVersion = 17.4.33213.308
MinimumVisualStudioVersion = 10.0.40219.1
Project("{9A19103F-16F7-4668-BE54-9A1E7A4F7556}") = "Thiago_Vinicius_TP1", "Thiago_Vinicius_TP1\Thiago_Vinicius_TP1.csproj", "{1514E5F9-03DE-4883-8632-070461D91D69}"
EndProject
Project("{9A19103F-16F7-4668-BE54-9A1E7A4F7556}") = "Aniversariantes.Domain", "Aniversariantes.Domain\Aniversariantes.Domain.csproj", "{E61BDC4D-1B52-47E2-9C7B-98AA5D58DC64}"
EndProject
Project("{9A19103F-16F7-4668-BE54-9A1E7A4F7556}") = "Aniversariantes.Services", "Aniversariantes.Services\Aniversariantes.Services.csproj", "{42E43B28-5CE4-46F0-84FE-4808CEE5DF58}"
EndProject
Global
	GlobalSection(SolutionConfigurationPlatforms) = preSolution
		Debug|Any CPU = Debug|Any CPU
		Release|Any CPU = Release|Any CPU
	EndGlobalSection
	GlobalSection(ProjectConfigurationPlatforms) = postSolution
		{1514E5F9-03DE-4883-8632-070461D91D69}.Debug|Any CPU.ActiveCfg = Debug|Any CPU
		{1514E5F9-03DE-4883-8632-070461D91D69}.Debug|Any CPU.Build.0 = Debug|Any CPU
		{1514E5F9-03DE-4883-8632-070461D91D69}.Release|Any CPU.ActiveCfg = Release|Any CPU
		{1514E5F9-03DE-4883-8632-070461D91D69}.Release|Any CPU.Build.0 = Release|Any CPU
		{E61BDC4D-1B52-47E2-9C7B-98AA5D58DC64}.Debug|Any CPU.ActiveCfg = Debug|Any CPU
		{E61BDC4D-1B52-47E2-9C7B-98AA5D58DC64}.Debug|Any CPU.Build.0 = Debug|Any CPU
		{E61BDC4D-1B52-47E2-9C7B-98AA5D58DC64}.Release|Any CPU.ActiveCfg = Release|Any CPU
		{E61BDC4D-1B52-47E2-9C7B-98AA5D58DC64}.Release|Any CPU.Build.0 = Release|Any CPU
		{42E43B28-5CE4-46F0-84FE-4808CEE5DF58}.Debug|Any CPU.ActiveCfg = Debug|Any CPU
		{42E43B28-5CE4-46F0-84FE-4808CEE5DF58}.Debug|Any CPU.Build.0 = Debug|Any CPU
		{42E43B28-5CE4-46F0-84FE-4808CEE5DF58}.Release|Any CPU.ActiveCfg = Release|Any CPU
		{42E43B28-5CE4-46F0-84FE-4808CEE5DF58}.Release|Any CPU.Build.0 = Release|Any CPU
	EndGlobalSection
	GlobalSection(SolutionProperties) = preSolution
		HideSolutionNode = FALSE
	EndGlobalSection
	GlobalSection(ExtensibilityGlobals) = postSolution
		SolutionGuid = {6428253E-5831-40FA-AC7A-CE1C87A0DE91}
	EndGlobalSection
EndGlobal
